{
  "version": 4,
  "terraform_version": "1.4.6",
  "serial": 136,
  "lineage": "34c114e2-e96b-b027-1e68-b2706260218e",
  "outputs": {
    "app_id": {
      "value": "/subscriptions/262ae620-3d32-46c0-81db-4583fe575f15/resourceGroups/DemoRg/providers/Microsoft.Insights/components/demo-appinsights",
      "type": "string",
      "sensitive": true
    },
    "backend_url": {
      "value": "backenddemoapp1.azurewebsites.net",
      "type": "string"
    },
    "frontend_url": {
      "value": "frontendapp1.azurewebsites.net",
      "type": "string"
    },
    "instrumentation_key": {
      "value": "c287b055-ffaf-4709-b9b0-655733997473",
      "type": "string",
      "sensitive": true
    },
    "resource_group_id": {
      "value": "/subscriptions/262ae620-3d32-46c0-81db-4583fe575f15/resourceGroups/DemoRg",
      "type": "string"
    }
  },
  "resources": [
    {
      "mode": "data",
      "type": "azurerm_client_config",
      "name": "current",
      "provider": "provider[\"registry.terraform.io/hashicorp/azurerm\"]",
      "instances": [
        {
          "schema_version": 0,
          "attributes": {
            "client_id": "04b07795-8ddb-461a-bbee-02f9e1bf7b46",
            "id": "Y2xpZW50Q29uZmlncy9jbGllbnRJZD0wNGIwNzc5NS04ZGRiLTQ2MWEtYmJlZS0wMmY5ZTFiZjdiNDY7b2JqZWN0SWQ9MjM5NTk0MTQtYmYxYS00ZTAzLWFiMmUtZDczYWMzYmQ2OTA0O3N1YnNjcmlwdGlvbklkPTI2MmFlNjIwLTNkMzItNDZjMC04MWRiLTQ1ODNmZTU3NWYxNTt0ZW5hbnRJZD0xNjNjNWM5My04YzIyLTQ0NDAtYTljMi03MGJhNzk2ZGY1ZWU=",
            "object_id": "23959414-bf1a-4e03-ab2e-d73ac3bd6904",
            "subscription_id": "262ae620-3d32-46c0-81db-4583fe575f15",
            "tenant_id": "163c5c93-8c22-4440-a9c2-70ba796df5ee",
            "timeouts": null
          },
          "sensitive_attributes": []
        }
      ]
    },
    {
      "mode": "managed",
      "type": "azurerm_app_service_virtual_network_swift_connection",
      "name": "be-vnet-integration",
      "provider": "provider[\"registry.terraform.io/hashicorp/azurerm\"]",
      "instances": [
        {
          "schema_version": 0,
          "attributes": {
            "app_service_id": "/subscriptions/262ae620-3d32-46c0-81db-4583fe575f15/resourceGroups/DemoRg/providers/Microsoft.Web/sites/backenddemoapp1",
            "id": "/subscriptions/262ae620-3d32-46c0-81db-4583fe575f15/resourceGroups/DemoRg/providers/Microsoft.Web/sites/backenddemoapp1/config/virtualNetwork",
            "subnet_id": "/subscriptions/262ae620-3d32-46c0-81db-4583fe575f15/resourceGroups/DemoRg/providers/Microsoft.Network/virtualNetworks/vnet-test/subnets/be-subnet",
            "timeouts": null
          },
          "sensitive_attributes": [],
          "private": "eyJlMmJmYjczMC1lY2FhLTExZTYtOGY4OC0zNDM2M2JjN2M0YzAiOnsiY3JlYXRlIjoxODAwMDAwMDAwMDAwLCJkZWxldGUiOjE4MDAwMDAwMDAwMDAsInJlYWQiOjMwMDAwMDAwMDAwMCwidXBkYXRlIjoxODAwMDAwMDAwMDAwfX0=",
          "dependencies": [
            "azurerm_subnet.be-subnet",
            "azurerm_windows_web_app.be-webapp"
          ]
        }
      ]
    },
    {
      "mode": "managed",
      "type": "azurerm_application_insights",
      "name": "demo-appinsights",
      "provider": "provider[\"registry.terraform.io/hashicorp/azurerm\"]",
      "instances": [
        {
          "schema_version": 1,
          "attributes": {
            "app_id": "191cf1a8-3c94-4286-b8ed-b831262ab5cb",
            "application_type": "web",
            "connection_string": "InstrumentationKey=c287b055-ffaf-4709-b9b0-655733997473;IngestionEndpoint=https://eastus-8.in.applicationinsights.azure.com/;LiveEndpoint=https://eastus.livediagnostics.monitor.azure.com/",
            "daily_data_cap_in_gb": 100,
            "daily_data_cap_notifications_disabled": false,
            "disable_ip_masking": false,
            "force_customer_storage_for_profiler": false,
            "id": "/subscriptions/262ae620-3d32-46c0-81db-4583fe575f15/resourceGroups/DemoRg/providers/Microsoft.Insights/components/demo-appinsights",
            "instrumentation_key": "c287b055-ffaf-4709-b9b0-655733997473",
            "internet_ingestion_enabled": true,
            "internet_query_enabled": true,
            "local_authentication_disabled": false,
            "location": "eastus",
            "name": "demo-appinsights",
            "resource_group_name": "DemoRg",
            "retention_in_days": 90,
            "sampling_percentage": 100,
            "tags": {},
            "timeouts": null,
            "workspace_id": "/subscriptions/262ae620-3d32-46c0-81db-4583fe575f15/resourceGroups/DemoRg/providers/Microsoft.OperationalInsights/workspaces/demo-la-workspace"
          },
          "sensitive_attributes": [],
          "private": "eyJlMmJmYjczMC1lY2FhLTExZTYtOGY4OC0zNDM2M2JjN2M0YzAiOnsiY3JlYXRlIjozNjAwMDAwMDAwMDAwLCJkZWxldGUiOjE4MDAwMDAwMDAwMDAsInJlYWQiOjMwMDAwMDAwMDAwMCwidXBkYXRlIjoxODAwMDAwMDAwMDAwfSwic2NoZW1hX3ZlcnNpb24iOiIxIn0=",
          "dependencies": [
            "azurerm_log_analytics_workspace.demo-loganalytics",
            "azurerm_resource_group.rg"
          ]
        }
      ]
    },
    {
      "mode": "managed",
      "type": "azurerm_key_vault",
      "name": "demo-keyvault",
      "provider": "provider[\"registry.terraform.io/hashicorp/azurerm\"]",
      "instances": [
        {
          "schema_version": 2,
          "attributes": {
            "access_policy": [
              {
                "application_id": "",
                "certificate_permissions": [],
                "key_permissions": [
                  "Get",
                  "List"
                ],
                "object_id": "23959414-bf1a-4e03-ab2e-d73ac3bd6904",
                "secret_permissions": [
                  "Get",
                  "Backup",
                  "Delete",
                  "List",
                  "Purge",
                  "Recover",
                  "Restore",
                  "Set"
                ],
                "storage_permissions": [],
                "tenant_id": "163c5c93-8c22-4440-a9c2-70ba796df5ee"
              }
            ],
            "contact": [],
            "enable_rbac_authorization": false,
            "enabled_for_deployment": false,
            "enabled_for_disk_encryption": true,
            "enabled_for_template_deployment": false,
            "id": "/subscriptions/262ae620-3d32-46c0-81db-4583fe575f15/resourceGroups/DemoRg/providers/Microsoft.KeyVault/vaults/demotestkeyvault01",
            "location": "eastus",
            "name": "demotestkeyvault01",
            "network_acls": [
              {
                "bypass": "AzureServices",
                "default_action": "Allow",
                "ip_rules": [],
                "virtual_network_subnet_ids": []
              }
            ],
            "public_network_access_enabled": true,
            "purge_protection_enabled": false,
            "resource_group_name": "DemoRg",
            "sku_name": "standard",
            "soft_delete_retention_days": 7,
            "tags": {},
            "tenant_id": "163c5c93-8c22-4440-a9c2-70ba796df5ee",
            "timeouts": null,
            "vault_uri": "https://demotestkeyvault01.vault.azure.net/"
          },
          "sensitive_attributes": [],
          "private": "eyJlMmJmYjczMC1lY2FhLTExZTYtOGY4OC0zNDM2M2JjN2M0YzAiOnsiY3JlYXRlIjoxODAwMDAwMDAwMDAwLCJkZWxldGUiOjE4MDAwMDAwMDAwMDAsInJlYWQiOjMwMDAwMDAwMDAwMCwidXBkYXRlIjoxODAwMDAwMDAwMDAwfSwic2NoZW1hX3ZlcnNpb24iOiIyIn0=",
          "dependencies": [
            "azurerm_resource_group.rg",
            "data.azurerm_client_config.current"
          ]
        }
      ]
    },
    {
      "mode": "managed",
      "type": "azurerm_key_vault_access_policy",
      "name": "kv_access_policy_01",
      "provider": "provider[\"registry.terraform.io/hashicorp/azurerm\"]",
      "instances": [
        {
          "schema_version": 0,
          "attributes": {
            "application_id": "",
            "certificate_permissions": [],
            "id": "/subscriptions/262ae620-3d32-46c0-81db-4583fe575f15/resourceGroups/DemoRg/providers/Microsoft.KeyVault/vaults/demotestkeyvault01/objectId/23959414-bf1a-4e03-ab2e-d73ac3bd6904",
            "key_permissions": [
              "Get",
              "List"
            ],
            "key_vault_id": "/subscriptions/262ae620-3d32-46c0-81db-4583fe575f15/resourceGroups/DemoRg/providers/Microsoft.KeyVault/vaults/demotestkeyvault01",
            "object_id": "23959414-bf1a-4e03-ab2e-d73ac3bd6904",
            "secret_permissions": [
              "Get",
              "Backup",
              "Delete",
              "List",
              "Purge",
              "Recover",
              "Restore",
              "Set"
            ],
            "storage_permissions": [],
            "tenant_id": "163c5c93-8c22-4440-a9c2-70ba796df5ee",
            "timeouts": null
          },
          "sensitive_attributes": [],
          "private": "eyJlMmJmYjczMC1lY2FhLTExZTYtOGY4OC0zNDM2M2JjN2M0YzAiOnsiY3JlYXRlIjoxODAwMDAwMDAwMDAwLCJkZWxldGUiOjE4MDAwMDAwMDAwMDAsInJlYWQiOjMwMDAwMDAwMDAwMCwidXBkYXRlIjoxODAwMDAwMDAwMDAwfX0=",
          "dependencies": [
            "azurerm_key_vault.demo-keyvault",
            "azurerm_resource_group.rg",
            "data.azurerm_client_config.current"
          ]
        }
      ]
    },
    {
      "mode": "managed",
      "type": "azurerm_key_vault_secret",
      "name": "sqladminpassword",
      "provider": "provider[\"registry.terraform.io/hashicorp/azurerm\"]",
      "instances": [
        {
          "schema_version": 0,
          "attributes": {
            "content_type": "text/plain",
            "expiration_date": null,
            "id": "https://demotestkeyvault01.vault.azure.net/secrets/sqladmin/af49470047b541a3b0620e268dcebac4",
            "key_vault_id": "/subscriptions/262ae620-3d32-46c0-81db-4583fe575f15/resourceGroups/DemoRg/providers/Microsoft.KeyVault/vaults/demotestkeyvault01",
            "name": "sqladmin",
            "not_before_date": null,
            "resource_id": "/subscriptions/262ae620-3d32-46c0-81db-4583fe575f15/resourceGroups/DemoRg/providers/Microsoft.KeyVault/vaults/demotestkeyvault01/secrets/sqladmin/versions/af49470047b541a3b0620e268dcebac4",
            "resource_versionless_id": "/subscriptions/262ae620-3d32-46c0-81db-4583fe575f15/resourceGroups/DemoRg/providers/Microsoft.KeyVault/vaults/demotestkeyvault01/secrets/sqladmin",
            "tags": {},
            "timeouts": null,
            "value": "ej*N[z?O{#(!cNS\u0026",
            "version": "af49470047b541a3b0620e268dcebac4",
            "versionless_id": "https://demotestkeyvault01.vault.azure.net/secrets/sqladmin"
          },
          "sensitive_attributes": [
            [
              {
                "type": "get_attr",
                "value": "value"
              }
            ]
          ],
          "private": "eyJlMmJmYjczMC1lY2FhLTExZTYtOGY4OC0zNDM2M2JjN2M0YzAiOnsiY3JlYXRlIjoxODAwMDAwMDAwMDAwLCJkZWxldGUiOjE4MDAwMDAwMDAwMDAsInJlYWQiOjE4MDAwMDAwMDAwMDAsInVwZGF0ZSI6MTgwMDAwMDAwMDAwMH19",
          "dependencies": [
            "azurerm_key_vault.demo-keyvault",
            "azurerm_key_vault_access_policy.kv_access_policy_01",
            "azurerm_resource_group.rg",
            "data.azurerm_client_config.current",
            "random_password.randompassword"
          ]
        }
      ]
    },
    {
      "mode": "managed",
      "type": "azurerm_key_vault_secret",
      "name": "sqldb_cnxn",
      "provider": "provider[\"registry.terraform.io/hashicorp/azurerm\"]",
      "instances": [
        {
          "schema_version": 0,
          "attributes": {
            "content_type": "",
            "expiration_date": null,
            "id": "https://demotestkeyvault01.vault.azure.net/secrets/demosqldbconstring/10b8f23492b845809afeaa10eb289719",
            "key_vault_id": "/subscriptions/262ae620-3d32-46c0-81db-4583fe575f15/resourceGroups/DemoRg/providers/Microsoft.KeyVault/vaults/demotestkeyvault01",
            "name": "demosqldbconstring",
            "not_before_date": null,
            "resource_id": "/subscriptions/262ae620-3d32-46c0-81db-4583fe575f15/resourceGroups/DemoRg/providers/Microsoft.KeyVault/vaults/demotestkeyvault01/secrets/demosqldbconstring/versions/10b8f23492b845809afeaa10eb289719",
            "resource_versionless_id": "/subscriptions/262ae620-3d32-46c0-81db-4583fe575f15/resourceGroups/DemoRg/providers/Microsoft.KeyVault/vaults/demotestkeyvault01/secrets/demosqldbconstring",
            "tags": {},
            "timeouts": null,
            "value": "jdbc:sqlserver://demo-sqldb-test101.database.windows.net:1433;database=demo-db;user=4adminu$er@demo-sqldb-test101;password=ej*N[z?O{#(!cNS\u0026;encrypt=true;trustServerCertificate=false;hostNameInCertificate=*.database.windows.net;loginTimeout=30;",
            "version": "10b8f23492b845809afeaa10eb289719",
            "versionless_id": "https://demotestkeyvault01.vault.azure.net/secrets/demosqldbconstring"
          },
          "sensitive_attributes": [
            [
              {
                "type": "get_attr",
                "value": "value"
              }
            ]
          ],
          "private": "eyJlMmJmYjczMC1lY2FhLTExZTYtOGY4OC0zNDM2M2JjN2M0YzAiOnsiY3JlYXRlIjoxODAwMDAwMDAwMDAwLCJkZWxldGUiOjE4MDAwMDAwMDAwMDAsInJlYWQiOjE4MDAwMDAwMDAwMDAsInVwZGF0ZSI6MTgwMDAwMDAwMDAwMH19",
          "dependencies": [
            "azurerm_key_vault.demo-keyvault",
            "azurerm_key_vault_access_policy.kv_access_policy_01",
            "azurerm_mssql_database.demo-database",
            "azurerm_mssql_server.azuresql",
            "azurerm_resource_group.rg",
            "data.azurerm_client_config.current",
            "random_password.randompassword"
          ]
        }
      ]
    },
    {
      "mode": "managed",
      "type": "azurerm_log_analytics_workspace",
      "name": "demo-loganalytics",
      "provider": "provider[\"registry.terraform.io/hashicorp/azurerm\"]",
      "instances": [
        {
          "schema_version": 3,
          "attributes": {
            "allow_resource_only_permissions": true,
            "cmk_for_query_forced": false,
            "daily_quota_gb": -1,
            "id": "/subscriptions/262ae620-3d32-46c0-81db-4583fe575f15/resourceGroups/DemoRg/providers/Microsoft.OperationalInsights/workspaces/demo-la-workspace",
            "internet_ingestion_enabled": true,
            "internet_query_enabled": true,
            "local_authentication_disabled": false,
            "location": "eastus",
            "name": "demo-la-workspace",
            "primary_shared_key": "TRDLO225TjxEfmxtF5P3uS5cFpfrWwnPTEMlj+W3ZY6u9CYk47twqqb3m0fHkSyN2R7FVoJt/yrdT1aDgS3YOA==",
            "reservation_capacity_in_gb_per_day": null,
            "resource_group_name": "DemoRg",
            "retention_in_days": 30,
            "secondary_shared_key": "Tx3lShHSwkHZttlRKk4ApK4Z9K6iCwLiMUzdw03sM1Quqv6EYszWl5BJgpspggQBPaIz0+wlt0OEgETbpvCYjA==",
            "sku": "PerGB2018",
            "tags": {},
            "timeouts": null,
            "workspace_id": "6fc8396c-1627-4b5f-9411-fc680c8dbdf6"
          },
          "sensitive_attributes": [],
          "private": "eyJlMmJmYjczMC1lY2FhLTExZTYtOGY4OC0zNDM2M2JjN2M0YzAiOnsiY3JlYXRlIjoxODAwMDAwMDAwMDAwLCJkZWxldGUiOjE4MDAwMDAwMDAwMDAsInJlYWQiOjMwMDAwMDAwMDAwMCwidXBkYXRlIjoxODAwMDAwMDAwMDAwfSwic2NoZW1hX3ZlcnNpb24iOiIyIn0=",
          "dependencies": [
            "azurerm_resource_group.rg"
          ]
        }
      ]
    },
    {
      "mode": "managed",
      "type": "azurerm_mssql_database",
      "name": "demo-database",
      "provider": "provider[\"registry.terraform.io/hashicorp/azurerm\"]",
      "instances": [
        {
          "schema_version": 1,
          "attributes": {
            "auto_pause_delay_in_minutes": 0,
            "collation": "SQL_Latin1_General_CP1_CI_AS",
            "create_mode": "Default",
            "creation_source_database_id": null,
            "elastic_pool_id": "",
            "geo_backup_enabled": true,
            "id": "/subscriptions/262ae620-3d32-46c0-81db-4583fe575f15/resourceGroups/DemoRg/providers/Microsoft.Sql/servers/demo-sqldb-test101/databases/demo-db",
            "import": [],
            "ledger_enabled": false,
            "license_type": "",
            "long_term_retention_policy": [
              {
                "monthly_retention": "PT0S",
                "week_of_year": 1,
                "weekly_retention": "PT0S",
                "yearly_retention": "PT0S"
              }
            ],
            "maintenance_configuration_name": "SQL_Default",
            "max_size_gb": 2,
            "min_capacity": 0,
            "name": "demo-db",
            "read_replica_count": 0,
            "read_scale": false,
            "recover_database_id": null,
            "restore_dropped_database_id": null,
            "restore_point_in_time": null,
            "sample_name": null,
            "server_id": "/subscriptions/262ae620-3d32-46c0-81db-4583fe575f15/resourceGroups/DemoRg/providers/Microsoft.Sql/servers/demo-sqldb-test101",
            "short_term_retention_policy": [
              {
                "backup_interval_in_hours": 24,
                "retention_days": 7
              }
            ],
            "sku_name": "S0",
            "storage_account_type": "Geo",
            "tags": {
              "Application": "test-demo"
            },
            "threat_detection_policy": [
              {
                "disabled_alerts": [],
                "email_account_admins": "Disabled",
                "email_addresses": [],
                "retention_days": 0,
                "state": "Disabled",
                "storage_account_access_key": "",
                "storage_endpoint": ""
              }
            ],
            "timeouts": null,
            "transparent_data_encryption_enabled": true,
            "zone_redundant": false
          },
          "sensitive_attributes": [],
          "private": "eyJlMmJmYjczMC1lY2FhLTExZTYtOGY4OC0zNDM2M2JjN2M0YzAiOnsiY3JlYXRlIjozNjAwMDAwMDAwMDAwLCJkZWxldGUiOjM2MDAwMDAwMDAwMDAsInJlYWQiOjMwMDAwMDAwMDAwMCwidXBkYXRlIjozNjAwMDAwMDAwMDAwfSwic2NoZW1hX3ZlcnNpb24iOiIxIn0=",
          "dependencies": [
            "azurerm_mssql_server.azuresql",
            "azurerm_resource_group.rg",
            "random_password.randompassword"
          ]
        }
      ]
    },
    {
      "mode": "managed",
      "type": "azurerm_mssql_server",
      "name": "azuresql",
      "provider": "provider[\"registry.terraform.io/hashicorp/azurerm\"]",
      "instances": [
        {
          "schema_version": 0,
          "attributes": {
            "administrator_login": "4adminu$er",
            "administrator_login_password": "ej*N[z?O{#(!cNS\u0026",
            "azuread_administrator": [
              {
                "azuread_authentication_only": false,
                "login_username": "AzureAD Admin",
                "object_id": "23959414-bf1a-4e03-ab2e-d73ac3bd6904",
                "tenant_id": "163c5c93-8c22-4440-a9c2-70ba796df5ee"
              }
            ],
            "connection_policy": "Default",
            "fully_qualified_domain_name": "demo-sqldb-test101.database.windows.net",
            "id": "/subscriptions/262ae620-3d32-46c0-81db-4583fe575f15/resourceGroups/DemoRg/providers/Microsoft.Sql/servers/demo-sqldb-test101",
            "identity": [],
            "location": "eastus",
            "minimum_tls_version": "1.2",
            "name": "demo-sqldb-test101",
            "outbound_network_restriction_enabled": false,
            "primary_user_assigned_identity_id": "",
            "public_network_access_enabled": true,
            "resource_group_name": "DemoRg",
            "restorable_dropped_database_ids": [],
            "tags": {},
            "timeouts": null,
            "transparent_data_encryption_key_vault_key_id": "",
            "version": "12.0"
          },
          "sensitive_attributes": [
            [
              {
                "type": "get_attr",
                "value": "administrator_login_password"
              }
            ]
          ],
          "private": "eyJlMmJmYjczMC1lY2FhLTExZTYtOGY4OC0zNDM2M2JjN2M0YzAiOnsiY3JlYXRlIjozNjAwMDAwMDAwMDAwLCJkZWxldGUiOjM2MDAwMDAwMDAwMDAsInJlYWQiOjMwMDAwMDAwMDAwMCwidXBkYXRlIjozNjAwMDAwMDAwMDAwfX0=",
          "dependencies": [
            "azurerm_resource_group.rg",
            "random_password.randompassword"
          ]
        }
      ]
    },
    {
      "mode": "managed",
      "type": "azurerm_mssql_virtual_network_rule",
      "name": "allow-be",
      "provider": "provider[\"registry.terraform.io/hashicorp/azurerm\"]",
      "instances": [
        {
          "schema_version": 0,
          "attributes": {
            "id": "/subscriptions/262ae620-3d32-46c0-81db-4583fe575f15/resourceGroups/DemoRg/providers/Microsoft.Sql/servers/demo-sqldb-test101/virtualNetworkRules/be-sql-vnet-rule",
            "ignore_missing_vnet_service_endpoint": false,
            "name": "be-sql-vnet-rule",
            "server_id": "/subscriptions/262ae620-3d32-46c0-81db-4583fe575f15/resourceGroups/DemoRg/providers/Microsoft.Sql/servers/demo-sqldb-test101",
            "subnet_id": "/subscriptions/262ae620-3d32-46c0-81db-4583fe575f15/resourceGroups/DemoRg/providers/Microsoft.Network/virtualNetworks/vnet-test/subnets/be-subnet",
            "timeouts": null
          },
          "sensitive_attributes": [],
          "private": "eyJlMmJmYjczMC1lY2FhLTExZTYtOGY4OC0zNDM2M2JjN2M0YzAiOnsiY3JlYXRlIjoxODAwMDAwMDAwMDAwLCJkZWxldGUiOjE4MDAwMDAwMDAwMDAsInJlYWQiOjMwMDAwMDAwMDAwMCwidXBkYXRlIjoxODAwMDAwMDAwMDAwfX0=",
          "dependencies": [
            "azurerm_mssql_server.azuresql",
            "azurerm_resource_group.rg",
            "azurerm_subnet.be-subnet",
            "azurerm_virtual_network.demo_vnet",
            "random_password.randompassword"
          ]
        }
      ]
    },
    {
      "mode": "managed",
      "type": "azurerm_resource_group",
      "name": "rg",
      "provider": "provider[\"registry.terraform.io/hashicorp/azurerm\"]",
      "instances": [
        {
          "schema_version": 0,
          "attributes": {
            "id": "/subscriptions/262ae620-3d32-46c0-81db-4583fe575f15/resourceGroups/DemoRg",
            "location": "eastus",
            "name": "DemoRg",
            "tags": {
              "Application": "DemoApp"
            },
            "timeouts": null
          },
          "sensitive_attributes": [],
          "private": "eyJlMmJmYjczMC1lY2FhLTExZTYtOGY4OC0zNDM2M2JjN2M0YzAiOnsiY3JlYXRlIjo1NDAwMDAwMDAwMDAwLCJkZWxldGUiOjU0MDAwMDAwMDAwMDAsInJlYWQiOjMwMDAwMDAwMDAwMCwidXBkYXRlIjo1NDAwMDAwMDAwMDAwfX0="
        }
      ]
    },
    {
      "mode": "managed",
      "type": "azurerm_service_plan",
      "name": "be-asp",
      "provider": "provider[\"registry.terraform.io/hashicorp/azurerm\"]",
      "instances": [
        {
          "schema_version": 0,
          "attributes": {
            "app_service_environment_id": "",
            "id": "/subscriptions/262ae620-3d32-46c0-81db-4583fe575f15/resourceGroups/DemoRg/providers/Microsoft.Web/serverfarms/be-asp",
            "kind": "app",
            "location": "eastus",
            "maximum_elastic_worker_count": 1,
            "name": "be-asp",
            "os_type": "Windows",
            "per_site_scaling_enabled": false,
            "reserved": false,
            "resource_group_name": "DemoRg",
            "sku_name": "B1",
            "tags": {},
            "timeouts": null,
            "worker_count": 1,
            "zone_balancing_enabled": false
          },
          "sensitive_attributes": [],
          "private": "eyJlMmJmYjczMC1lY2FhLTExZTYtOGY4OC0zNDM2M2JjN2M0YzAiOnsiY3JlYXRlIjozNjAwMDAwMDAwMDAwLCJkZWxldGUiOjM2MDAwMDAwMDAwMDAsInJlYWQiOjMwMDAwMDAwMDAwMCwidXBkYXRlIjozNjAwMDAwMDAwMDAwfX0=",
          "dependencies": [
            "azurerm_resource_group.rg",
            "azurerm_subnet.be-subnet",
            "azurerm_virtual_network.demo_vnet"
          ]
        }
      ]
    },
    {
      "mode": "managed",
      "type": "azurerm_service_plan",
      "name": "fe-asp",
      "provider": "provider[\"registry.terraform.io/hashicorp/azurerm\"]",
      "instances": [
        {
          "schema_version": 0,
          "attributes": {
            "app_service_environment_id": "",
            "id": "/subscriptions/262ae620-3d32-46c0-81db-4583fe575f15/resourceGroups/DemoRg/providers/Microsoft.Web/serverfarms/fe-asp",
            "kind": "app",
            "location": "eastus",
            "maximum_elastic_worker_count": 1,
            "name": "fe-asp",
            "os_type": "Windows",
            "per_site_scaling_enabled": false,
            "reserved": false,
            "resource_group_name": "DemoRg",
            "sku_name": "B1",
            "tags": {},
            "timeouts": null,
            "worker_count": 1,
            "zone_balancing_enabled": false
          },
          "sensitive_attributes": [],
          "private": "eyJlMmJmYjczMC1lY2FhLTExZTYtOGY4OC0zNDM2M2JjN2M0YzAiOnsiY3JlYXRlIjozNjAwMDAwMDAwMDAwLCJkZWxldGUiOjM2MDAwMDAwMDAwMDAsInJlYWQiOjMwMDAwMDAwMDAwMCwidXBkYXRlIjozNjAwMDAwMDAwMDAwfX0=",
          "dependencies": [
            "azurerm_resource_group.rg",
            "azurerm_subnet.fe-subnet",
            "azurerm_virtual_network.demo_vnet"
          ]
        }
      ]
    },
    {
      "mode": "managed",
      "type": "azurerm_subnet",
      "name": "be-subnet",
      "provider": "provider[\"registry.terraform.io/hashicorp/azurerm\"]",
      "instances": [
        {
          "schema_version": 0,
          "attributes": {
            "address_prefixes": [
              "10.0.0.64/26"
            ],
            "delegation": [
              {
                "name": "delegation",
                "service_delegation": [
                  {
                    "actions": [
                      "Microsoft.Network/virtualNetworks/subnets/action"
                    ],
                    "name": "Microsoft.Web/serverFarms"
                  }
                ]
              }
            ],
            "enforce_private_link_endpoint_network_policies": false,
            "enforce_private_link_service_network_policies": false,
            "id": "/subscriptions/262ae620-3d32-46c0-81db-4583fe575f15/resourceGroups/DemoRg/providers/Microsoft.Network/virtualNetworks/vnet-test/subnets/be-subnet",
            "name": "be-subnet",
            "private_endpoint_network_policies_enabled": true,
            "private_link_service_network_policies_enabled": true,
            "resource_group_name": "DemoRg",
            "service_endpoint_policy_ids": [],
            "service_endpoints": [
              "Microsoft.Sql"
            ],
            "timeouts": null,
            "virtual_network_name": "vnet-test"
          },
          "sensitive_attributes": [],
          "private": "eyJlMmJmYjczMC1lY2FhLTExZTYtOGY4OC0zNDM2M2JjN2M0YzAiOnsiY3JlYXRlIjoxODAwMDAwMDAwMDAwLCJkZWxldGUiOjE4MDAwMDAwMDAwMDAsInJlYWQiOjMwMDAwMDAwMDAwMCwidXBkYXRlIjoxODAwMDAwMDAwMDAwfX0=",
          "dependencies": [
            "azurerm_resource_group.rg",
            "azurerm_virtual_network.demo_vnet"
          ]
        }
      ]
    },
    {
      "mode": "managed",
      "type": "azurerm_subnet",
      "name": "fe-subnet",
      "provider": "provider[\"registry.terraform.io/hashicorp/azurerm\"]",
      "instances": [
        {
          "schema_version": 0,
          "attributes": {
            "address_prefixes": [
              "10.0.0.0/26"
            ],
            "delegation": [
              {
                "name": "delegation",
                "service_delegation": [
                  {
                    "actions": [
                      "Microsoft.Network/virtualNetworks/subnets/action"
                    ],
                    "name": "Microsoft.Web/serverFarms"
                  }
                ]
              }
            ],
            "enforce_private_link_endpoint_network_policies": false,
            "enforce_private_link_service_network_policies": false,
            "id": "/subscriptions/262ae620-3d32-46c0-81db-4583fe575f15/resourceGroups/DemoRg/providers/Microsoft.Network/virtualNetworks/vnet-test/subnets/fe-subnet",
            "name": "fe-subnet",
            "private_endpoint_network_policies_enabled": true,
            "private_link_service_network_policies_enabled": true,
            "resource_group_name": "DemoRg",
            "service_endpoint_policy_ids": [],
            "service_endpoints": [
              "Microsoft.Web"
            ],
            "timeouts": null,
            "virtual_network_name": "vnet-test"
          },
          "sensitive_attributes": [],
          "private": "eyJlMmJmYjczMC1lY2FhLTExZTYtOGY4OC0zNDM2M2JjN2M0YzAiOnsiY3JlYXRlIjoxODAwMDAwMDAwMDAwLCJkZWxldGUiOjE4MDAwMDAwMDAwMDAsInJlYWQiOjMwMDAwMDAwMDAwMCwidXBkYXRlIjoxODAwMDAwMDAwMDAwfX0=",
          "dependencies": [
            "azurerm_resource_group.rg",
            "azurerm_virtual_network.demo_vnet"
          ]
        }
      ]
    },
    {
      "mode": "managed",
      "type": "azurerm_virtual_network",
      "name": "demo_vnet",
      "provider": "provider[\"registry.terraform.io/hashicorp/azurerm\"]",
      "instances": [
        {
          "schema_version": 0,
          "attributes": {
            "address_space": [
              "10.0.0.0/16"
            ],
            "bgp_community": "",
            "ddos_protection_plan": [],
            "dns_servers": [],
            "edge_zone": "",
            "flow_timeout_in_minutes": 0,
            "guid": "a29a253d-9c20-40ac-8f5b-b18ce09ed487",
            "id": "/subscriptions/262ae620-3d32-46c0-81db-4583fe575f15/resourceGroups/DemoRg/providers/Microsoft.Network/virtualNetworks/vnet-test",
            "location": "eastus",
            "name": "vnet-test",
            "resource_group_name": "DemoRg",
            "subnet": [
              {
                "address_prefix": "10.0.0.0/26",
                "id": "/subscriptions/262ae620-3d32-46c0-81db-4583fe575f15/resourceGroups/DemoRg/providers/Microsoft.Network/virtualNetworks/vnet-test/subnets/fe-subnet",
                "name": "fe-subnet",
                "security_group": ""
              },
              {
                "address_prefix": "10.0.0.64/26",
                "id": "/subscriptions/262ae620-3d32-46c0-81db-4583fe575f15/resourceGroups/DemoRg/providers/Microsoft.Network/virtualNetworks/vnet-test/subnets/be-subnet",
                "name": "be-subnet",
                "security_group": ""
              }
            ],
            "tags": {},
            "timeouts": null
          },
          "sensitive_attributes": [],
          "private": "eyJlMmJmYjczMC1lY2FhLTExZTYtOGY4OC0zNDM2M2JjN2M0YzAiOnsiY3JlYXRlIjoxODAwMDAwMDAwMDAwLCJkZWxldGUiOjE4MDAwMDAwMDAwMDAsInJlYWQiOjMwMDAwMDAwMDAwMCwidXBkYXRlIjoxODAwMDAwMDAwMDAwfX0=",
          "dependencies": [
            "azurerm_resource_group.rg"
          ]
        }
      ]
    },
    {
      "mode": "managed",
      "type": "azurerm_windows_web_app",
      "name": "be-webapp",
      "provider": "provider[\"registry.terraform.io/hashicorp/azurerm\"]",
      "instances": [
        {
          "schema_version": 0,
          "attributes": {
            "app_settings": {
              "APPINSIGHTS_INSTRUMENTATIONKEY": "c287b055-ffaf-4709-b9b0-655733997473",
              "APPINSIGHTS_PROFILERFEATURE_VERSION": "1.0.0",
              "ApplicationInsightsAgent_EXTENSION_VERSION": "~2"
            },
            "auth_settings": [],
            "auth_settings_v2": [],
            "backup": [],
            "client_affinity_enabled": false,
            "client_certificate_enabled": false,
            "client_certificate_exclusion_paths": "",
            "client_certificate_mode": "Required",
            "connection_string": [],
            "custom_domain_verification_id": "2BD8B5F6C680182269754FD819A090329EB1F718246C3FE97DAFA35B30714A87",
            "default_hostname": "backenddemoapp1.azurewebsites.net",
            "enabled": true,
            "hosting_environment_id": "",
            "https_only": true,
            "id": "/subscriptions/262ae620-3d32-46c0-81db-4583fe575f15/resourceGroups/DemoRg/providers/Microsoft.Web/sites/backenddemoapp1",
            "identity": [],
            "key_vault_reference_identity_id": "SystemAssigned",
            "kind": "app",
            "location": "eastus",
            "logs": [],
            "name": "backenddemoapp1",
            "outbound_ip_address_list": [
              "20.62.157.250",
              "20.62.158.233",
              "40.88.212.108",
              "40.88.214.55",
              "40.88.214.99",
              "40.88.214.101",
              "20.119.0.43"
            ],
            "outbound_ip_addresses": "20.62.157.250,20.62.158.233,40.88.212.108,40.88.214.55,40.88.214.99,40.88.214.101,20.119.0.43",
            "possible_outbound_ip_address_list": [
              "20.62.157.250",
              "20.62.158.233",
              "40.88.212.108",
              "40.88.214.55",
              "40.88.214.99",
              "40.88.214.101",
              "40.88.214.215",
              "40.88.215.124",
              "40.88.215.129",
              "40.88.215.137",
              "40.88.215.174",
              "40.88.215.205",
              "40.88.215.220",
              "40.88.215.222",
              "40.88.215.233",
              "20.72.136.45",
              "20.72.136.53",
              "20.72.136.100",
              "20.72.136.114",
              "40.88.211.24",
              "20.72.136.118",
              "20.72.136.193",
              "20.72.136.199",
              "20.72.136.214",
              "20.72.137.18",
              "20.72.137.30",
              "20.72.137.85",
              "20.72.137.101",
              "20.72.137.115",
              "20.72.137.128",
              "20.119.0.43"
            ],
            "possible_outbound_ip_addresses": "20.62.157.250,20.62.158.233,40.88.212.108,40.88.214.55,40.88.214.99,40.88.214.101,40.88.214.215,40.88.215.124,40.88.215.129,40.88.215.137,40.88.215.174,40.88.215.205,40.88.215.220,40.88.215.222,40.88.215.233,20.72.136.45,20.72.136.53,20.72.136.100,20.72.136.114,40.88.211.24,20.72.136.118,20.72.136.193,20.72.136.199,20.72.136.214,20.72.137.18,20.72.137.30,20.72.137.85,20.72.137.101,20.72.137.115,20.72.137.128,20.119.0.43",
            "resource_group_name": "DemoRg",
            "service_plan_id": "/subscriptions/262ae620-3d32-46c0-81db-4583fe575f15/resourceGroups/DemoRg/providers/Microsoft.Web/serverfarms/be-asp",
            "site_config": [
              {
                "always_on": true,
                "api_definition_url": "",
                "api_management_api_id": "",
                "app_command_line": "",
                "application_stack": [
                  {
                    "current_stack": "php",
                    "docker_container_name": "",
                    "docker_container_registry": "",
                    "docker_container_tag": "",
                    "dotnet_core_version": "",
                    "dotnet_version": "",
                    "java_container": "",
                    "java_container_version": "",
                    "java_embedded_server_enabled": false,
                    "java_version": "11",
                    "node_version": "",
                    "php_version": "Off",
                    "python": false,
                    "python_version": "",
                    "tomcat_version": ""
                  }
                ],
                "auto_heal_enabled": false,
                "auto_heal_setting": [],
                "container_registry_managed_identity_client_id": "",
                "container_registry_use_managed_identity": false,
                "cors": [],
                "default_documents": [
                  "Default.htm",
                  "Default.html",
                  "Default.asp",
                  "index.htm",
                  "index.html",
                  "iisstart.htm",
                  "default.aspx",
                  "index.php",
                  "hostingstart.html"
                ],
                "detailed_error_logging_enabled": false,
                "ftps_state": "Disabled",
                "health_check_eviction_time_in_min": 0,
                "health_check_path": "",
                "http2_enabled": false,
                "ip_restriction": [
                  {
                    "action": "Allow",
                    "headers": [],
                    "ip_address": "",
                    "name": "Frontend access only",
                    "priority": 100,
                    "service_tag": "",
                    "virtual_network_subnet_id": "/subscriptions/262ae620-3d32-46c0-81db-4583fe575f15/resourceGroups/DemoRg/providers/Microsoft.Network/virtualNetworks/vnet-test/subnets/fe-subnet"
                  }
                ],
                "linux_fx_version": "",
                "load_balancing_mode": "LeastRequests",
                "local_mysql_enabled": false,
                "managed_pipeline_mode": "Integrated",
                "minimum_tls_version": "1.2",
                "remote_debugging_enabled": false,
                "remote_debugging_version": "VS2019",
                "scm_ip_restriction": [],
                "scm_minimum_tls_version": "1.2",
                "scm_type": "None",
                "scm_use_main_ip_restriction": false,
                "use_32_bit_worker": true,
                "virtual_application": [],
                "vnet_route_all_enabled": false,
                "websockets_enabled": false,
                "windows_fx_version": "",
                "worker_count": 1
              }
            ],
            "site_credential": [
              {
                "name": "$backenddemoapp1",
                "password": "2N8qhHAlanS9hpaEonz0xqxcesSm0LDkquv7avJC57ejZvdbxmJPeZSiGswf"
              }
            ],
            "sticky_settings": [],
            "storage_account": [],
            "tags": {},
            "timeouts": null,
            "virtual_network_subnet_id": "",
            "zip_deploy_file": ""
          },
          "sensitive_attributes": [
            [
              {
                "type": "get_attr",
                "value": "app_settings"
              },
              {
                "type": "index",
                "value": {
                  "value": "APPINSIGHTS_INSTRUMENTATIONKEY",
                  "type": "string"
                }
              }
            ]
          ],
          "private": "eyJlMmJmYjczMC1lY2FhLTExZTYtOGY4OC0zNDM2M2JjN2M0YzAiOnsiY3JlYXRlIjoxODAwMDAwMDAwMDAwLCJkZWxldGUiOjE4MDAwMDAwMDAwMDAsInJlYWQiOjMwMDAwMDAwMDAwMCwidXBkYXRlIjoxODAwMDAwMDAwMDAwfX0=",
          "dependencies": [
            "azurerm_application_insights.demo-appinsights",
            "azurerm_log_analytics_workspace.demo-loganalytics",
            "azurerm_resource_group.rg",
            "azurerm_service_plan.be-asp",
            "azurerm_subnet.be-subnet",
            "azurerm_subnet.fe-subnet",
            "azurerm_virtual_network.demo_vnet"
          ]
        }
      ]
    },
    {
      "mode": "managed",
      "type": "azurerm_windows_web_app",
      "name": "fe-webapp",
      "provider": "provider[\"registry.terraform.io/hashicorp/azurerm\"]",
      "instances": [
        {
          "schema_version": 0,
          "attributes": {
            "app_settings": {
              "APPINSIGHTS_INSTRUMENTATIONKEY": "c287b055-ffaf-4709-b9b0-655733997473",
              "APPINSIGHTS_PROFILERFEATURE_VERSION": "1.0.0",
              "ApplicationInsightsAgent_EXTENSION_VERSION": "~2"
            },
            "auth_settings": [],
            "auth_settings_v2": [],
            "backup": [],
            "client_affinity_enabled": false,
            "client_certificate_enabled": false,
            "client_certificate_exclusion_paths": "",
            "client_certificate_mode": "Required",
            "connection_string": [],
            "custom_domain_verification_id": "2BD8B5F6C680182269754FD819A090329EB1F718246C3FE97DAFA35B30714A87",
            "default_hostname": "frontendapp1.azurewebsites.net",
            "enabled": true,
            "hosting_environment_id": "",
            "https_only": true,
            "id": "/subscriptions/262ae620-3d32-46c0-81db-4583fe575f15/resourceGroups/DemoRg/providers/Microsoft.Web/sites/frontendapp1",
            "identity": [],
            "key_vault_reference_identity_id": "SystemAssigned",
            "kind": "app",
            "location": "eastus",
            "logs": [],
            "name": "frontendapp1",
            "outbound_ip_address_list": [
              "20.62.157.250",
              "20.62.158.233",
              "40.88.212.108",
              "40.88.214.55",
              "40.88.214.99",
              "40.88.214.101",
              "20.119.0.43"
            ],
            "outbound_ip_addresses": "20.62.157.250,20.62.158.233,40.88.212.108,40.88.214.55,40.88.214.99,40.88.214.101,20.119.0.43",
            "possible_outbound_ip_address_list": [
              "20.62.157.250",
              "20.62.158.233",
              "40.88.212.108",
              "40.88.214.55",
              "40.88.214.99",
              "40.88.214.101",
              "40.88.214.215",
              "40.88.215.124",
              "40.88.215.129",
              "40.88.215.137",
              "40.88.215.174",
              "40.88.215.205",
              "40.88.215.220",
              "40.88.215.222",
              "40.88.215.233",
              "20.72.136.45",
              "20.72.136.53",
              "20.72.136.100",
              "20.72.136.114",
              "40.88.211.24",
              "20.72.136.118",
              "20.72.136.193",
              "20.72.136.199",
              "20.72.136.214",
              "20.72.137.18",
              "20.72.137.30",
              "20.72.137.85",
              "20.72.137.101",
              "20.72.137.115",
              "20.72.137.128",
              "20.119.0.43"
            ],
            "possible_outbound_ip_addresses": "20.62.157.250,20.62.158.233,40.88.212.108,40.88.214.55,40.88.214.99,40.88.214.101,40.88.214.215,40.88.215.124,40.88.215.129,40.88.215.137,40.88.215.174,40.88.215.205,40.88.215.220,40.88.215.222,40.88.215.233,20.72.136.45,20.72.136.53,20.72.136.100,20.72.136.114,40.88.211.24,20.72.136.118,20.72.136.193,20.72.136.199,20.72.136.214,20.72.137.18,20.72.137.30,20.72.137.85,20.72.137.101,20.72.137.115,20.72.137.128,20.119.0.43",
            "resource_group_name": "DemoRg",
            "service_plan_id": "/subscriptions/262ae620-3d32-46c0-81db-4583fe575f15/resourceGroups/DemoRg/providers/Microsoft.Web/serverfarms/fe-asp",
            "site_config": [
              {
                "always_on": true,
                "api_definition_url": "",
                "api_management_api_id": "",
                "app_command_line": "",
                "application_stack": [
                  {
                    "current_stack": "php",
                    "docker_container_name": "",
                    "docker_container_registry": "",
                    "docker_container_tag": "",
                    "dotnet_core_version": "",
                    "dotnet_version": "",
                    "java_container": "",
                    "java_container_version": "",
                    "java_embedded_server_enabled": false,
                    "java_version": "11",
                    "node_version": "",
                    "php_version": "Off",
                    "python": false,
                    "python_version": "",
                    "tomcat_version": ""
                  }
                ],
                "auto_heal_enabled": false,
                "auto_heal_setting": [],
                "container_registry_managed_identity_client_id": "",
                "container_registry_use_managed_identity": false,
                "cors": [],
                "default_documents": [
                  "Default.htm",
                  "Default.html",
                  "Default.asp",
                  "index.htm",
                  "index.html",
                  "iisstart.htm",
                  "default.aspx",
                  "index.php",
                  "hostingstart.html"
                ],
                "detailed_error_logging_enabled": false,
                "ftps_state": "Disabled",
                "health_check_eviction_time_in_min": 0,
                "health_check_path": "",
                "http2_enabled": false,
                "ip_restriction": [],
                "linux_fx_version": "",
                "load_balancing_mode": "LeastRequests",
                "local_mysql_enabled": false,
                "managed_pipeline_mode": "Integrated",
                "minimum_tls_version": "1.2",
                "remote_debugging_enabled": false,
                "remote_debugging_version": "VS2019",
                "scm_ip_restriction": [],
                "scm_minimum_tls_version": "1.2",
                "scm_type": "None",
                "scm_use_main_ip_restriction": false,
                "use_32_bit_worker": true,
                "virtual_application": [],
                "vnet_route_all_enabled": false,
                "websockets_enabled": false,
                "windows_fx_version": "",
                "worker_count": 1
              }
            ],
            "site_credential": [
              {
                "name": "$frontendapp1",
                "password": "anll6muSk1CzXBiRwimnauhY23kRJB0Ctkp7ndQrFa9gYghR9KyQJ7zf7LPf"
              }
            ],
            "sticky_settings": [],
            "storage_account": [],
            "tags": {},
            "timeouts": null,
            "virtual_network_subnet_id": "",
            "zip_deploy_file": ""
          },
          "sensitive_attributes": [
            [
              {
                "type": "get_attr",
                "value": "app_settings"
              },
              {
                "type": "index",
                "value": {
                  "value": "APPINSIGHTS_INSTRUMENTATIONKEY",
                  "type": "string"
                }
              }
            ]
          ],
          "private": "eyJlMmJmYjczMC1lY2FhLTExZTYtOGY4OC0zNDM2M2JjN2M0YzAiOnsiY3JlYXRlIjoxODAwMDAwMDAwMDAwLCJkZWxldGUiOjE4MDAwMDAwMDAwMDAsInJlYWQiOjMwMDAwMDAwMDAwMCwidXBkYXRlIjoxODAwMDAwMDAwMDAwfX0=",
          "dependencies": [
            "azurerm_application_insights.demo-appinsights",
            "azurerm_log_analytics_workspace.demo-loganalytics",
            "azurerm_resource_group.rg",
            "azurerm_service_plan.fe-asp",
            "azurerm_subnet.fe-subnet",
            "azurerm_virtual_network.demo_vnet"
          ]
        }
      ]
    },
    {
      "mode": "managed",
      "type": "random_password",
      "name": "randompassword",
      "provider": "provider[\"registry.terraform.io/hashicorp/random\"]",
      "instances": [
        {
          "schema_version": 3,
          "attributes": {
            "bcrypt_hash": "$2a$10$KTusK16.9.3GZfnf5S8t4ONuB618CYuxtxLuRjVmpvIYmTeDdKmey",
            "id": "none",
            "keepers": null,
            "length": 16,
            "lower": true,
            "min_lower": 0,
            "min_numeric": 0,
            "min_special": 0,
            "min_upper": 0,
            "number": true,
            "numeric": true,
            "override_special": "!#$%\u0026*()-_=+[]{}\u003c\u003e:?",
            "result": "ej*N[z?O{#(!cNS\u0026",
            "special": true,
            "upper": true
          },
          "sensitive_attributes": []
        }
      ]
    }
  ],
  "check_results": null
}
